// !$*UTF8*$!
{
	archiveVersion = 1;
	classes = {
	};
	objectVersion = 48;
	objects = {

/* Begin PBXBuildFile section */
		2F59246920573F11001421D8 /* empty.png in Resources */ = {isa = PBXBuildFile; fileRef = 2F59246820573F11001421D8 /* empty.png */; };
		2F59246B20573F35001421D8 /* InventoryController.swift in Sources */ = {isa = PBXBuildFile; fileRef = 2F59246A20573F35001421D8 /* InventoryController.swift */; };
		2F698896203A1A4A003951F2 /* AppDelegate.swift in Sources */ = {isa = PBXBuildFile; fileRef = 2F698895203A1A4A003951F2 /* AppDelegate.swift */; };
		2F698898203A1A4A003951F2 /* art.scnassets in Resources */ = {isa = PBXBuildFile; fileRef = 2F698897203A1A4A003951F2 /* art.scnassets */; };
		2F69889A203A1A4A003951F2 /* ViewController.swift in Sources */ = {isa = PBXBuildFile; fileRef = 2F698899203A1A4A003951F2 /* ViewController.swift */; };
		2F69889D203A1A4A003951F2 /* Main.storyboard in Resources */ = {isa = PBXBuildFile; fileRef = 2F69889B203A1A4A003951F2 /* Main.storyboard */; };
		2F69889F203A1A4A003951F2 /* Assets.xcassets in Resources */ = {isa = PBXBuildFile; fileRef = 2F69889E203A1A4A003951F2 /* Assets.xcassets */; };
		2F6988A2203A1A4A003951F2 /* LaunchScreen.storyboard in Resources */ = {isa = PBXBuildFile; fileRef = 2F6988A0203A1A4A003951F2 /* LaunchScreen.storyboard */; };
		2F6988AA203A1A5A003951F2 /* Mapbox.framework in Frameworks */ = {isa = PBXBuildFile; fileRef = 2F6988A9203A1A5A003951F2 /* Mapbox.framework */; };
		2F6988AB203A1A5A003951F2 /* Mapbox.framework in Embed Frameworks */ = {isa = PBXBuildFile; fileRef = 2F6988A9203A1A5A003951F2 /* Mapbox.framework */; settings = {ATTRIBUTES = (CodeSignOnCopy, RemoveHeadersOnCopy, ); }; };
		2F9965F520448C92008A6818 /* ARScreenController.swift in Sources */ = {isa = PBXBuildFile; fileRef = 2F9965F420448C92008A6818 /* ARScreenController.swift */; };
		2F9965FF20450081008A6818 /* compass.png in Resources */ = {isa = PBXBuildFile; fileRef = 2F9965FE20450081008A6818 /* compass.png */; };
		94D07E1F7491ABDE9AF451C0 /* Pods_Thesis02.framework in Frameworks */ = {isa = PBXBuildFile; fileRef = 5F104AFC2FCB1B7C5F8EFD66 /* Pods_Thesis02.framework */; };
/* End PBXBuildFile section */

/* Begin PBXCopyFilesBuildPhase section */
		2F6988AC203A1A5A003951F2 /* Embed Frameworks */ = {
			isa = PBXCopyFilesBuildPhase;
			buildActionMask = 2147483647;
			dstPath = "";
			dstSubfolderSpec = 10;
			files = (
				2F6988AB203A1A5A003951F2 /* Mapbox.framework in Embed Frameworks */,
			);
			name = "Embed Frameworks";
			runOnlyForDeploymentPostprocessing = 0;
		};
/* End PBXCopyFilesBuildPhase section */

/* Begin PBXFileReference section */
		2F59246820573F11001421D8 /* empty.png */ = {isa = PBXFileReference; lastKnownFileType = image.png; path = empty.png; sourceTree = "<group>"; };
		2F59246A20573F35001421D8 /* InventoryController.swift */ = {isa = PBXFileReference; lastKnownFileType = sourcecode.swift; path = InventoryController.swift; sourceTree = "<group>"; };
		2F698892203A1A4A003951F2 /* Thesis02.app */ = {isa = PBXFileReference; explicitFileType = wrapper.application; includeInIndex = 0; path = Thesis02.app; sourceTree = BUILT_PRODUCTS_DIR; };
		2F698895203A1A4A003951F2 /* AppDelegate.swift */ = {isa = PBXFileReference; lastKnownFileType = sourcecode.swift; path = AppDelegate.swift; sourceTree = "<group>"; };
		2F698897203A1A4A003951F2 /* art.scnassets */ = {isa = PBXFileReference; lastKnownFileType = wrapper.scnassets; path = art.scnassets; sourceTree = "<group>"; };
		2F698899203A1A4A003951F2 /* ViewController.swift */ = {isa = PBXFileReference; lastKnownFileType = sourcecode.swift; path = ViewController.swift; sourceTree = "<group>"; };
		2F69889C203A1A4A003951F2 /* Base */ = {isa = PBXFileReference; lastKnownFileType = file.storyboard; name = Base; path = Base.lproj/Main.storyboard; sourceTree = "<group>"; };
		2F69889E203A1A4A003951F2 /* Assets.xcassets */ = {isa = PBXFileReference; lastKnownFileType = folder.assetcatalog; path = Assets.xcassets; sourceTree = "<group>"; };
		2F6988A1203A1A4A003951F2 /* Base */ = {isa = PBXFileReference; lastKnownFileType = file.storyboard; name = Base; path = Base.lproj/LaunchScreen.storyboard; sourceTree = "<group>"; };
		2F6988A3203A1A4A003951F2 /* Info.plist */ = {isa = PBXFileReference; lastKnownFileType = text.plist.xml; path = Info.plist; sourceTree = "<group>"; };
		2F6988A9203A1A5A003951F2 /* Mapbox.framework */ = {isa = PBXFileReference; lastKnownFileType = wrapper.framework; path = Mapbox.framework; sourceTree = "<group>"; };
		2F9965F420448C92008A6818 /* ARScreenController.swift */ = {isa = PBXFileReference; lastKnownFileType = sourcecode.swift; path = ARScreenController.swift; sourceTree = "<group>"; };
		2F9965FE20450081008A6818 /* compass.png */ = {isa = PBXFileReference; lastKnownFileType = image.png; path = compass.png; sourceTree = "<group>"; };
		351628C51CA2CE7C4456F297 /* Pods-Thesis02.release.xcconfig */ = {isa = PBXFileReference; includeInIndex = 1; lastKnownFileType = text.xcconfig; name = "Pods-Thesis02.release.xcconfig"; path = "Pods/Target Support Files/Pods-Thesis02/Pods-Thesis02.release.xcconfig"; sourceTree = "<group>"; };
		54C3E4AAC16A8C6E46C69B02 /* Pods-Thesis02.debug.xcconfig */ = {isa = PBXFileReference; includeInIndex = 1; lastKnownFileType = text.xcconfig; name = "Pods-Thesis02.debug.xcconfig"; path = "Pods/Target Support Files/Pods-Thesis02/Pods-Thesis02.debug.xcconfig"; sourceTree = "<group>"; };
		5F104AFC2FCB1B7C5F8EFD66 /* Pods_Thesis02.framework */ = {isa = PBXFileReference; explicitFileType = wrapper.framework; includeInIndex = 0; path = Pods_Thesis02.framework; sourceTree = BUILT_PRODUCTS_DIR; };
/* End PBXFileReference section */

/* Begin PBXFrameworksBuildPhase section */
		2F69888F203A1A4A003951F2 /* Frameworks */ = {
			isa = PBXFrameworksBuildPhase;
			buildActionMask = 2147483647;
			files = (
				2F6988AA203A1A5A003951F2 /* Mapbox.framework in Frameworks */,
				94D07E1F7491ABDE9AF451C0 /* Pods_Thesis02.framework in Frameworks */,
			);
			runOnlyForDeploymentPostprocessing = 0;
		};
/* End PBXFrameworksBuildPhase section */

/* Begin PBXGroup section */
		2F698889203A1A4A003951F2 = {
			isa = PBXGroup;
			children = (
				2F6988A9203A1A5A003951F2 /* Mapbox.framework */,
				2F698894203A1A4A003951F2 /* Thesis02 */,
				2F698893203A1A4A003951F2 /* Products */,
				7CBFBE7817EE8889C233EC92 /* Pods */,
				3CFE5C610D7845F94058029B /* Frameworks */,
			);
			sourceTree = "<group>";
		};
		2F698893203A1A4A003951F2 /* Products */ = {
			isa = PBXGroup;
			children = (
				2F698892203A1A4A003951F2 /* Thesis02.app */,
			);
			name = Products;
			sourceTree = "<group>";
		};
		2F698894203A1A4A003951F2 /* Thesis02 */ = {
			isa = PBXGroup;
			children = (
				2F698895203A1A4A003951F2 /* AppDelegate.swift */,
				2F698897203A1A4A003951F2 /* art.scnassets */,
				2F698899203A1A4A003951F2 /* ViewController.swift */,
				2F9965F420448C92008A6818 /* ARScreenController.swift */,
				2F69889B203A1A4A003951F2 /* Main.storyboard */,
				2F59246A20573F35001421D8 /* InventoryController.swift */,
				2F59246820573F11001421D8 /* empty.png */,
				2F69889E203A1A4A003951F2 /* Assets.xcassets */,
				2F6988A0203A1A4A003951F2 /* LaunchScreen.storyboard */,
				2F6988A3203A1A4A003951F2 /* Info.plist */,
				2F9965FE20450081008A6818 /* compass.png */,
			);
			path = Thesis02;
			sourceTree = "<group>";
		};
		3CFE5C610D7845F94058029B /* Frameworks */ = {
			isa = PBXGroup;
			children = (
				5F104AFC2FCB1B7C5F8EFD66 /* Pods_Thesis02.framework */,
			);
			name = Frameworks;
			sourceTree = "<group>";
		};
		7CBFBE7817EE8889C233EC92 /* Pods */ = {
			isa = PBXGroup;
			children = (
				54C3E4AAC16A8C6E46C69B02 /* Pods-Thesis02.debug.xcconfig */,
				351628C51CA2CE7C4456F297 /* Pods-Thesis02.release.xcconfig */,
			);
			name = Pods;
			sourceTree = "<group>";
		};
/* End PBXGroup section */

/* Begin PBXNativeTarget section */
		2F698891203A1A4A003951F2 /* Thesis02 */ = {
			isa = PBXNativeTarget;
			buildConfigurationList = 2F6988A6203A1A4A003951F2 /* Build configuration list for PBXNativeTarget "Thesis02" */;
			buildPhases = (
				1C24E45BBCBEF28C783345DC /* [CP] Check Pods Manifest.lock */,
				2F69888E203A1A4A003951F2 /* Sources */,
				2F69888F203A1A4A003951F2 /* Frameworks */,
				2F698890203A1A4A003951F2 /* Resources */,
				2F6988AC203A1A5A003951F2 /* Embed Frameworks */,
				2F6988AD203A1A61003951F2 /* ShellScript */,
				2CAD6E72EEA3C5000417117B /* [CP] Embed Pods Frameworks */,
				C40DD5A06A740620C48BB8D5 /* [CP] Copy Pods Resources */,
			);
			buildRules = (
			);
			dependencies = (
			);
			name = Thesis02;
			productName = Thesis02;
			productReference = 2F698892203A1A4A003951F2 /* Thesis02.app */;
			productType = "com.apple.product-type.application";
		};
/* End PBXNativeTarget section */

/* Begin PBXProject section */
		2F69888A203A1A4A003951F2 /* Project object */ = {
			isa = PBXProject;
			attributes = {
				LastSwiftUpdateCheck = 0920;
				LastUpgradeCheck = 0920;
				ORGANIZATIONNAME = SeyoungKim;
				TargetAttributes = {
					2F698891203A1A4A003951F2 = {
						CreatedOnToolsVersion = 9.2;
						ProvisioningStyle = Automatic;
					};
				};
			};
			buildConfigurationList = 2F69888D203A1A4A003951F2 /* Build configuration list for PBXProject "Thesis02" */;
			compatibilityVersion = "Xcode 8.0";
			developmentRegion = en;
			hasScannedForEncodings = 0;
			knownRegions = (
				en,
				Base,
			);
			mainGroup = 2F698889203A1A4A003951F2;
			productRefGroup = 2F698893203A1A4A003951F2 /* Products */;
			projectDirPath = "";
			projectRoot = "";
			targets = (
				2F698891203A1A4A003951F2 /* Thesis02 */,
			);
		};
/* End PBXProject section */

/* Begin PBXResourcesBuildPhase section */
		2F698890203A1A4A003951F2 /* Resources */ = {
			isa = PBXResourcesBuildPhase;
			buildActionMask = 2147483647;
			files = (
				2F698898203A1A4A003951F2 /* art.scnassets in Resources */,
				2F6988A2203A1A4A003951F2 /* LaunchScreen.storyboard in Resources */,
				2F69889F203A1A4A003951F2 /* Assets.xcassets in Resources */,
				2F69889D203A1A4A003951F2 /* Main.storyboard in Resources */,
				2F9965FF20450081008A6818 /* compass.png in Resources */,
				2F59246920573F11001421D8 /* empty.png in Resources */,
			);
			runOnlyForDeploymentPostprocessing = 0;
		};
/* End PBXResourcesBuildPhase section */

/* Begin PBXShellScriptBuildPhase section */
		1C24E45BBCBEF28C783345DC /* [CP] Check Pods Manifest.lock */ = {
			isa = PBXShellScriptBuildPhase;
			buildActionMask = 2147483647;
			files = (
			);
			inputPaths = (
				"${PODS_PODFILE_DIR_PATH}/Podfile.lock",
				"${PODS_ROOT}/Manifest.lock",
			);
			name = "[CP] Check Pods Manifest.lock";
			outputPaths = (
				"$(DERIVED_FILE_DIR)/Pods-Thesis02-checkManifestLockResult.txt",
			);
			runOnlyForDeploymentPostprocessing = 0;
			shellPath = /bin/sh;
			shellScript = "diff \"${PODS_PODFILE_DIR_PATH}/Podfile.lock\" \"${PODS_ROOT}/Manifest.lock\" > /dev/null\nif [ $? != 0 ] ; then\n    # print error to STDERR\n    echo \"error: The sandbox is not in sync with the Podfile.lock. Run 'pod install' or update your CocoaPods installation.\" >&2\n    exit 1\nfi\n# This output is used by Xcode 'outputs' to avoid re-running this script phase.\necho \"SUCCESS\" > \"${SCRIPT_OUTPUT_FILE_0}\"\n";
			showEnvVarsInLog = 0;
		};
		2CAD6E72EEA3C5000417117B /* [CP] Embed Pods Frameworks */ = {
			isa = PBXShellScriptBuildPhase;
			buildActionMask = 2147483647;
			files = (
			);
			inputPaths = (
				"${SRCROOT}/Pods/Target Support Files/Pods-Thesis02/Pods-Thesis02-frameworks.sh",
				"${BUILT_PRODUCTS_DIR}/ARCL/ARCL.framework",
			);
			name = "[CP] Embed Pods Frameworks";
			outputPaths = (
				"${TARGET_BUILD_DIR}/${FRAMEWORKS_FOLDER_PATH}/ARCL.framework",
			);
			runOnlyForDeploymentPostprocessing = 0;
			shellPath = /bin/sh;
			shellScript = "\"${SRCROOT}/Pods/Target Support Files/Pods-Thesis02/Pods-Thesis02-frameworks.sh\"\n";
			showEnvVarsInLog = 0;
		};
		2F6988AD203A1A61003951F2 /* ShellScript */ = {
			isa = PBXShellScriptBuildPhase;
			buildActionMask = 2147483647;
			files = (
			);
			inputPaths = (
			);
			outputPaths = (
			);
			runOnlyForDeploymentPostprocessing = 0;
			shellPath = /bin/sh;
			shellScript = "bash \"${BUILT_PRODUCTS_DIR}/${FRAMEWORKS_FOLDER_PATH}/Mapbox.framework/strip-frameworks.sh\"";
		};
		C40DD5A06A740620C48BB8D5 /* [CP] Copy Pods Resources */ = {
			isa = PBXShellScriptBuildPhase;
			buildActionMask = 2147483647;
			files = (
			);
			inputPaths = (
			);
			name = "[CP] Copy Pods Resources";
			outputPaths = (
			);
			runOnlyForDeploymentPostprocessing = 0;
			shellPath = /bin/sh;
			shellScript = "\"${SRCROOT}/Pods/Target Support Files/Pods-Thesis02/Pods-Thesis02-resources.sh\"\n";
			showEnvVarsInLog = 0;
		};
/* End PBXShellScriptBuildPhase section */

/* Begin PBXSourcesBuildPhase section */
		2F69888E203A1A4A003951F2 /* Sources */ = {
			isa = PBXSourcesBuildPhase;
			buildActionMask = 2147483647;
			files = (
				2F9965F520448C92008A6818 /* ARScreenController.swift in Sources */,
				2F69889A203A1A4A003951F2 /* ViewController.swift in Sources */,
				2F59246B20573F35001421D8 /* InventoryController.swift in Sources */,
				2F698896203A1A4A003951F2 /* AppDelegate.swift in Sources */,
			);
			runOnlyForDeploymentPostprocessing = 0;
		};
/* End PBXSourcesBuildPhase section */

/* Begin PBXVariantGroup section */
		2F69889B203A1A4A003951F2 /* Main.storyboard */ = {
			isa = PBXVariantGroup;
			children = (
				2F69889C203A1A4A003951F2 /* Base */,
			);
			name = Main.storyboard;
			sourceTree = "<group>";
		};
		2F6988A0203A1A4A003951F2 /* LaunchScreen.storyboard */ = {
			isa = PBXVariantGroup;
			children = (
				2F6988A1203A1A4A003951F2 /* Base */,
			);
			name = LaunchScreen.storyboard;
			sourceTree = "<group>";
		};
/* End PBXVariantGroup section */

/* Begin XCBuildConfiguration section */
		2F6988A4203A1A4A003951F2 /* Debug */ = {
			isa = XCBuildConfiguration;
			buildSettings = {
				ALWAYS_SEARCH_USER_PATHS = NO;
				CLANG_ANALYZER_NONNULL = YES;
				CLANG_ANALYZER_NUMBER_OBJECT_CONVERSION = YES_AGGRESSIVE;
				CLANG_CXX_LANGUAGE_STANDARD = "gnu++14";
				CLANG_CXX_LIBRARY = "libc++";
				CLANG_ENABLE_MODULES = YES;
				CLANG_ENABLE_OBJC_ARC = YES;
				CLANG_WARN_BLOCK_CAPTURE_AUTORELEASING = YES;
				CLANG_WARN_BOOL_CONVERSION = YES;
				CLANG_WARN_COMMA = YES;
				CLANG_WARN_CONSTANT_CONVERSION = YES;
				CLANG_WARN_DIRECT_OBJC_ISA_USAGE = YES_ERROR;
				CLANG_WARN_DOCUMENTATION_COMMENTS = YES;
				CLANG_WARN_EMPTY_BODY = YES;
				CLANG_WARN_ENUM_CONVERSION = YES;
				CLANG_WARN_INFINITE_RECURSION = YES;
				CLANG_WARN_INT_CONVERSION = YES;
				CLANG_WARN_NON_LITERAL_NULL_CONVERSION = YES;
				CLANG_WARN_OBJC_LITERAL_CONVERSION = YES;
				CLANG_WARN_OBJC_ROOT_CLASS = YES_ERROR;
				CLANG_WARN_RANGE_LOOP_ANALYSIS = YES;
				CLANG_WARN_STRICT_PROTOTYPES = YES;
				CLANG_WARN_SUSPICIOUS_MOVE = YES;
				CLANG_WARN_UNGUARDED_AVAILABILITY = YES_AGGRESSIVE;
				CLANG_WARN_UNREACHABLE_CODE = YES;
				CLANG_WARN__DUPLICATE_METHOD_MATCH = YES;
				CODE_SIGN_IDENTITY = "iPhone Developer";
				COPY_PHASE_STRIP = NO;
				DEBUG_INFORMATION_FORMAT = dwarf;
				ENABLE_STRICT_OBJC_MSGSEND = YES;
				ENABLE_TESTABILITY = YES;
				GCC_C_LANGUAGE_STANDARD = gnu11;
				GCC_DYNAMIC_NO_PIC = NO;
				GCC_NO_COMMON_BLOCKS = YES;
				GCC_OPTIMIZATION_LEVEL = 0;
				GCC_PREPROCESSOR_DEFINITIONS = (
					"DEBUG=1",
					"$(inherited)",
				);
				GCC_WARN_64_TO_32_BIT_CONVERSION = YES;
				GCC_WARN_ABOUT_RETURN_TYPE = YES_ERROR;
				GCC_WARN_UNDECLARED_SELECTOR = YES;
				GCC_WARN_UNINITIALIZED_AUTOS = YES_AGGRESSIVE;
				GCC_WARN_UNUSED_FUNCTION = YES;
				GCC_WARN_UNUSED_VARIABLE = YES;
				IPHONEOS_DEPLOYMENT_TARGET = 11.2;
				MTL_ENABLE_DEBUG_INFO = YES;
				ONLY_ACTIVE_ARCH = YES;
				SDKROOT = iphoneos;
				SWIFT_ACTIVE_COMPILATION_CONDITIONS = DEBUG;
				SWIFT_OPTIMIZATION_LEVEL = "-Onone";
			};
			name = Debug;
		};
		2F6988A5203A1A4A003951F2 /* Release */ = {
			isa = XCBuildConfiguration;
			buildSettings = {
				ALWAYS_SEARCH_USER_PATHS = NO;
				CLANG_ANALYZER_NONNULL = YES;
				CLANG_ANALYZER_NUMBER_OBJECT_CONVERSION = YES_AGGRESSIVE;
				CLANG_CXX_LANGUAGE_STANDARD = "gnu++14";
				CLANG_CXX_LIBRARY = "libc++";
				CLANG_ENABLE_MODULES = YES;
				CLANG_ENABLE_OBJC_ARC = YES;
				CLANG_WARN_BLOCK_CAPTURE_AUTORELEASING = YES;
				CLANG_WARN_BOOL_CONVERSION = YES;
				CLANG_WARN_COMMA = YES;
				CLANG_WARN_CONSTANT_CONVERSION = YES;
				CLANG_WARN_DIRECT_OBJC_ISA_USAGE = YES_ERROR;
				CLANG_WARN_DOCUMENTATION_COMMENTS = YES;
				CLANG_WARN_EMPTY_BODY = YES;
				CLANG_WARN_ENUM_CONVERSION = YES;
				CLANG_WARN_INFINITE_RECURSION = YES;
				CLANG_WARN_INT_CONVERSION = YES;
				CLANG_WARN_NON_LITERAL_NULL_CONVERSION = YES;
				CLANG_WARN_OBJC_LITERAL_CONVERSION = YES;
				CLANG_WARN_OBJC_ROOT_CLASS = YES_ERROR;
				CLANG_WARN_RANGE_LOOP_ANALYSIS = YES;
				CLANG_WARN_STRICT_PROTOTYPES = YES;
				CLANG_WARN_SUSPICIOUS_MOVE = YES;
				CLANG_WARN_UNGUARDED_AVAILABILITY = YES_AGGRESSIVE;
				CLANG_WARN_UNREACHABLE_CODE = YES;
				CLANG_WARN__DUPLICATE_METHOD_MATCH = YES;
				CODE_SIGN_IDENTITY = "iPhone Developer";
				COPY_PHASE_STRIP = NO;
				DEBUG_INFORMATION_FORMAT = "dwarf-with-dsym";
				ENABLE_NS_ASSERTIONS = NO;
				ENABLE_STRICT_OBJC_MSGSEND = YES;
				GCC_C_LANGUAGE_STANDARD = gnu11;
				GCC_NO_COMMON_BLOCKS = YES;
				GCC_WARN_64_TO_32_BIT_CONVERSION = YES;
				GCC_WARN_ABOUT_RETURN_TYPE = YES_ERROR;
				GCC_WARN_UNDECLARED_SELECTOR = YES;
				GCC_WARN_UNINITIALIZED_AUTOS = YES_AGGRESSIVE;
				GCC_WARN_UNUSED_FUNCTION = YES;
				GCC_WARN_UNUSED_VARIABLE = YES;
				IPHONEOS_DEPLOYMENT_TARGET = 11.2;
				MTL_ENABLE_DEBUG_INFO = NO;
				SDKROOT = iphoneos;
				SWIFT_OPTIMIZATION_LEVEL = "-Owholemodule";
				VALIDATE_PRODUCT = YES;
			};
			name = Release;
		};
		2F6988A7203A1A4A003951F2 /* Debug */ = {
			isa = XCBuildConfiguration;
			baseConfigurationReference = 54C3E4AAC16A8C6E46C69B02 /* Pods-Thesis02.debug.xcconfig */;
			buildSettings = {
				ASSETCATALOG_COMPILER_APPICON_NAME = AppIcon;
				CODE_SIGN_STYLE = Automatic;
				DEVELOPMENT_TEAM = 7JK724Y366;
				FRAMEWORK_SEARCH_PATHS = (
					"$(inherited)",
					"$(PROJECT_DIR)",
				);
				INFOPLIST_FILE = Thesis02/Info.plist;
				LD_RUNPATH_SEARCH_PATHS = "$(inherited) @executable_path/Frameworks";
				PRODUCT_BUNDLE_IDENTIFIER = com.SeyoungKim.Thesis02;
				PRODUCT_NAME = "$(TARGET_NAME)";
				SWIFT_VERSION = 4.0;
				TARGETED_DEVICE_FAMILY = "1,2";
			};
			name = Debug;
		};
		2F6988A8203A1A4A003951F2 /* Release */ = {
			isa = XCBuildConfiguration;
			baseConfigurationReference = 351628C51CA2CE7C4456F297 /* Pods-Thesis02.release.xcconfig */;
			buildSettings = {
				ASSETCATALOG_COMPILER_APPICON_NAME = AppIcon;
				CODE_SIGN_STYLE = Automatic;
				DEVELOPMENT_TEAM = 7JK724Y366;
				FRAMEWORK_SEARCH_PATHS = (
					"$(inherited)",
					"$(PROJECT_DIR)",
				);
				INFOPLIST_FILE = Thesis02/Info.plist;
				LD_RUNPATH_SEARCH_PATHS = "$(inherited) @executable_path/Frameworks";
				PRODUCT_BUNDLE_IDENTIFIER = com.SeyoungKim.Thesis02;
				PRODUCT_NAME = "$(TARGET_NAME)";
				SWIFT_VERSION = 4.0;
				TARGETED_DEVICE_FAMILY = "1,2";
			};
			name = Release;
		};
/* End XCBuildConfiguration section */

/* Begin XCConfigurationList section */
		2F69888D203A1A4A003951F2 /* Build configuration list for PBXProject "Thesis02" */ = {
			isa = XCConfigurationList;
			buildConfigurations = (
				2F6988A4203A1A4A003951F2 /* Debug */,
				2F6988A5203A1A4A003951F2 /* Release */,
			);
			defaultConfigurationIsVisible = 0;
			defaultConfigurationName = Release;
		};
		2F6988A6203A1A4A003951F2 /* Build configuration list for PBXNativeTarget "Thesis02" */ = {
			isa = XCConfigurationList;
			buildConfigurations = (
				2F6988A7203A1A4A003951F2 /* Debug */,
				2F6988A8203A1A4A003951F2 /* Release */,
			);
			defaultConfigurationIsVisible = 0;
			defaultConfigurationName = Release;
		};
/* End XCConfigurationList section */
	};
	rootObject = 2F69888A203A1A4A003951F2 /* Project object */;
}
